// !$*UTF8*$!
{
	archiveVersion = 1;
	classes = {
	};
	objectVersion = 55;
	objects = {

/* Begin PBXBuildFile section */
		5C3CF55F27C7E80200E9EC22 /* mainScreen.swift in Sources */ = {isa = PBXBuildFile; fileRef = 5C3CF55E27C7E80200E9EC22 /* mainScreen.swift */; };
		5C3CF56127C7F15500E9EC22 /* ViewModifier.swift in Sources */ = {isa = PBXBuildFile; fileRef = 5C3CF56027C7F15500E9EC22 /* ViewModifier.swift */; };
		5C3CF56327C9783900E9EC22 /* ToDoList.swift in Sources */ = {isa = PBXBuildFile; fileRef = 5C3CF56227C9783900E9EC22 /* ToDoList.swift */; };
		5C5A5E1F27B54EF3000DE807 /* EPHSApp.swift in Sources */ = {isa = PBXBuildFile; fileRef = 5C5A5E1E27B54EF3000DE807 /* EPHSApp.swift */; };
		5C5A5E2127B54EF3000DE807 /* ContentView.swift in Sources */ = {isa = PBXBuildFile; fileRef = 5C5A5E2027B54EF3000DE807 /* ContentView.swift */; };
		5C5A5E2327B54EF7000DE807 /* Assets.xcassets in Resources */ = {isa = PBXBuildFile; fileRef = 5C5A5E2227B54EF7000DE807 /* Assets.xcassets */; };
		5C5A5E2627B54EF7000DE807 /* Preview Assets.xcassets in Resources */ = {isa = PBXBuildFile; fileRef = 5C5A5E2527B54EF7000DE807 /* Preview Assets.xcassets */; };
		5C5A5E2D27B54F0D000DE807 /* ProgressBar.swift in Sources */ = {isa = PBXBuildFile; fileRef = 5C5A5E2C27B54F0D000DE807 /* ProgressBar.swift */; };
		5C96D55D27BAC36C0078206D /* LunchSelectionView.swift in Sources */ = {isa = PBXBuildFile; fileRef = 5C96D55C27BAC36C0078206D /* LunchSelectionView.swift */; };
		5CA153F927C6A4A5003E77F2 /* dictionary.swift in Sources */ = {isa = PBXBuildFile; fileRef = 5CA153F827C6A4A5003E77F2 /* dictionary.swift */; };
		5CA153FD27C7D468003E77F2 /* SettingsScreen.swift in Sources */ = {isa = PBXBuildFile; fileRef = 5CA153FC27C7D468003E77F2 /* SettingsScreen.swift */; };
		5CABEF6627D1212C00ED78DD /* WidgetKit.framework in Frameworks */ = {isa = PBXBuildFile; fileRef = 5CABEF6527D1212C00ED78DD /* WidgetKit.framework */; };
		5CABEF6827D1212C00ED78DD /* SwiftUI.framework in Frameworks */ = {isa = PBXBuildFile; fileRef = 5CABEF6727D1212C00ED78DD /* SwiftUI.framework */; };
		5CABEF6B27D1212C00ED78DD /* ClassTimerWidget.swift in Sources */ = {isa = PBXBuildFile; fileRef = 5CABEF6A27D1212C00ED78DD /* ClassTimerWidget.swift */; };
		5CABEF6E27D1213100ED78DD /* Assets.xcassets in Resources */ = {isa = PBXBuildFile; fileRef = 5CABEF6D27D1213100ED78DD /* Assets.xcassets */; };
		5CABEF7027D1213100ED78DD /* ClassTimerWidget.intentdefinition in Sources */ = {isa = PBXBuildFile; fileRef = 5CABEF6C27D1212C00ED78DD /* ClassTimerWidget.intentdefinition */; };
		5CABEF7127D1213100ED78DD /* ClassTimerWidget.intentdefinition in Sources */ = {isa = PBXBuildFile; fileRef = 5CABEF6C27D1212C00ED78DD /* ClassTimerWidget.intentdefinition */; };
		5CABEF7427D1213100ED78DD /* ClassTimerWidgetExtension.appex in Embed App Extensions */ = {isa = PBXBuildFile; fileRef = 5CABEF6327D1212C00ED78DD /* ClassTimerWidgetExtension.appex */; settings = {ATTRIBUTES = (RemoveHeadersOnCopy, ); }; };
/* End PBXBuildFile section */

/* Begin PBXContainerItemProxy section */
		5CABEF7227D1213100ED78DD /* PBXContainerItemProxy */ = {
			isa = PBXContainerItemProxy;
			containerPortal = 5C5A5E1327B54EF3000DE807 /* Project object */;
			proxyType = 1;
			remoteGlobalIDString = 5CABEF6227D1212C00ED78DD;
			remoteInfo = ClassTimerWidgetExtension;
		};
/* End PBXContainerItemProxy section */

/* Begin PBXCopyFilesBuildPhase section */
		5CABEF7527D1213100ED78DD /* Embed App Extensions */ = {
			isa = PBXCopyFilesBuildPhase;
			buildActionMask = 2147483647;
			dstPath = "";
			dstSubfolderSpec = 13;
			files = (
				5CABEF7427D1213100ED78DD /* ClassTimerWidgetExtension.appex in Embed App Extensions */,
			);
			name = "Embed App Extensions";
			runOnlyForDeploymentPostprocessing = 0;
		};
/* End PBXCopyFilesBuildPhase section */

/* Begin PBXFileReference section */
		5C3CF55E27C7E80200E9EC22 /* mainScreen.swift */ = {isa = PBXFileReference; lastKnownFileType = sourcecode.swift; path = mainScreen.swift; sourceTree = "<group>"; };
		5C3CF56027C7F15500E9EC22 /* ViewModifier.swift */ = {isa = PBXFileReference; lastKnownFileType = sourcecode.swift; path = ViewModifier.swift; sourceTree = "<group>"; };
		5C3CF56227C9783900E9EC22 /* ToDoList.swift */ = {isa = PBXFileReference; lastKnownFileType = sourcecode.swift; path = ToDoList.swift; sourceTree = "<group>"; };
		5C5A5E1B27B54EF3000DE807 /* EPHS.app */ = {isa = PBXFileReference; explicitFileType = wrapper.application; includeInIndex = 0; path = EPHS.app; sourceTree = BUILT_PRODUCTS_DIR; };
		5C5A5E1E27B54EF3000DE807 /* EPHSApp.swift */ = {isa = PBXFileReference; lastKnownFileType = sourcecode.swift; path = EPHSApp.swift; sourceTree = "<group>"; };
		5C5A5E2027B54EF3000DE807 /* ContentView.swift */ = {isa = PBXFileReference; lastKnownFileType = sourcecode.swift; path = ContentView.swift; sourceTree = "<group>"; };
		5C5A5E2227B54EF7000DE807 /* Assets.xcassets */ = {isa = PBXFileReference; lastKnownFileType = folder.assetcatalog; path = Assets.xcassets; sourceTree = "<group>"; };
		5C5A5E2527B54EF7000DE807 /* Preview Assets.xcassets */ = {isa = PBXFileReference; lastKnownFileType = folder.assetcatalog; path = "Preview Assets.xcassets"; sourceTree = "<group>"; };
		5C5A5E2C27B54F0D000DE807 /* ProgressBar.swift */ = {isa = PBXFileReference; lastKnownFileType = sourcecode.swift; path = ProgressBar.swift; sourceTree = "<group>"; };
		5C96D55C27BAC36C0078206D /* LunchSelectionView.swift */ = {isa = PBXFileReference; lastKnownFileType = sourcecode.swift; path = LunchSelectionView.swift; sourceTree = "<group>"; };
		5CA153F827C6A4A5003E77F2 /* dictionary.swift */ = {isa = PBXFileReference; lastKnownFileType = sourcecode.swift; path = dictionary.swift; sourceTree = "<group>"; };
		5CA153FC27C7D468003E77F2 /* SettingsScreen.swift */ = {isa = PBXFileReference; lastKnownFileType = sourcecode.swift; path = SettingsScreen.swift; sourceTree = "<group>"; };
		5CABEF6327D1212C00ED78DD /* ClassTimerWidgetExtension.appex */ = {isa = PBXFileReference; explicitFileType = "wrapper.app-extension"; includeInIndex = 0; path = ClassTimerWidgetExtension.appex; sourceTree = BUILT_PRODUCTS_DIR; };
		5CABEF6527D1212C00ED78DD /* WidgetKit.framework */ = {isa = PBXFileReference; lastKnownFileType = wrapper.framework; name = WidgetKit.framework; path = System/Library/Frameworks/WidgetKit.framework; sourceTree = SDKROOT; };
		5CABEF6727D1212C00ED78DD /* SwiftUI.framework */ = {isa = PBXFileReference; lastKnownFileType = wrapper.framework; name = SwiftUI.framework; path = System/Library/Frameworks/SwiftUI.framework; sourceTree = SDKROOT; };
		5CABEF6A27D1212C00ED78DD /* ClassTimerWidget.swift */ = {isa = PBXFileReference; lastKnownFileType = sourcecode.swift; path = ClassTimerWidget.swift; sourceTree = "<group>"; };
		5CABEF6C27D1212C00ED78DD /* ClassTimerWidget.intentdefinition */ = {isa = PBXFileReference; lastKnownFileType = file.intentdefinition; path = ClassTimerWidget.intentdefinition; sourceTree = "<group>"; };
		5CABEF6D27D1213100ED78DD /* Assets.xcassets */ = {isa = PBXFileReference; lastKnownFileType = folder.assetcatalog; path = Assets.xcassets; sourceTree = "<group>"; };
		5CABEF6F27D1213100ED78DD /* Info.plist */ = {isa = PBXFileReference; lastKnownFileType = text.plist.xml; path = Info.plist; sourceTree = "<group>"; };
		5CABEF7B27D2904500ED78DD /* EPHS.entitlements */ = {isa = PBXFileReference; lastKnownFileType = text.plist.entitlements; path = EPHS.entitlements; sourceTree = "<group>"; };
/* End PBXFileReference section */

/* Begin PBXFrameworksBuildPhase section */
		5C5A5E1827B54EF3000DE807 /* Frameworks */ = {
			isa = PBXFrameworksBuildPhase;
			buildActionMask = 2147483647;
			files = (
			);
			runOnlyForDeploymentPostprocessing = 0;
		};
		5CABEF6027D1212C00ED78DD /* Frameworks */ = {
			isa = PBXFrameworksBuildPhase;
			buildActionMask = 2147483647;
			files = (
				5CABEF6827D1212C00ED78DD /* SwiftUI.framework in Frameworks */,
				5CABEF6627D1212C00ED78DD /* WidgetKit.framework in Frameworks */,
			);
			runOnlyForDeploymentPostprocessing = 0;
		};
/* End PBXFrameworksBuildPhase section */

/* Begin PBXGroup section */
		5C3CF55D27C7E7DA00E9EC22 /* MainScreen */ = {
			isa = PBXGroup;
			children = (
				5C3CF55E27C7E80200E9EC22 /* mainScreen.swift */,
				5C3CF56027C7F15500E9EC22 /* ViewModifier.swift */,
			);
			path = MainScreen;
			sourceTree = "<group>";
		};
		5C5A5E1227B54EF3000DE807 = {
			isa = PBXGroup;
			children = (
				5C5A5E1D27B54EF3000DE807 /* EPHS */,
				5CABEF6927D1212C00ED78DD /* ClassTimerWidget */,
				5CABEF6427D1212C00ED78DD /* Frameworks */,
				5C5A5E1C27B54EF3000DE807 /* Products */,
			);
			sourceTree = "<group>";
		};
		5C5A5E1C27B54EF3000DE807 /* Products */ = {
			isa = PBXGroup;
			children = (
				5C5A5E1B27B54EF3000DE807 /* EPHS.app */,
				5CABEF6327D1212C00ED78DD /* ClassTimerWidgetExtension.appex */,
			);
			name = Products;
			sourceTree = "<group>";
		};
		5C5A5E1D27B54EF3000DE807 /* EPHS */ = {
			isa = PBXGroup;
			children = (
				5CABEF7B27D2904500ED78DD /* EPHS.entitlements */,
				5C5A5E1E27B54EF3000DE807 /* EPHSApp.swift */,
				5C3CF55D27C7E7DA00E9EC22 /* MainScreen */,
				5CA153FB27C7D3CD003E77F2 /* Choice Timer */,
				5CA153FA27C7D3A4003E77F2 /* EPHS Class Timer */,
				5C5A5E2227B54EF7000DE807 /* Assets.xcassets */,
				5C5A5E2427B54EF7000DE807 /* Preview Content */,
			);
			path = EPHS;
			sourceTree = "<group>";
		};
		5C5A5E2427B54EF7000DE807 /* Preview Content */ = {
			isa = PBXGroup;
			children = (
				5C5A5E2527B54EF7000DE807 /* Preview Assets.xcassets */,
			);
			path = "Preview Content";
			sourceTree = "<group>";
		};
		5CA153FA27C7D3A4003E77F2 /* EPHS Class Timer */ = {
			isa = PBXGroup;
			children = (
				5CA153F827C6A4A5003E77F2 /* dictionary.swift */,
				5C5A5E2027B54EF3000DE807 /* ContentView.swift */,
				5C5A5E2C27B54F0D000DE807 /* ProgressBar.swift */,
				5C96D55C27BAC36C0078206D /* LunchSelectionView.swift */,
				5C3CF56227C9783900E9EC22 /* ToDoList.swift */,
			);
			path = "EPHS Class Timer";
			sourceTree = "<group>";
		};
		5CA153FB27C7D3CD003E77F2 /* Choice Timer */ = {
			isa = PBXGroup;
			children = (
				5CA153FC27C7D468003E77F2 /* SettingsScreen.swift */,
			);
			path = "Choice Timer";
			sourceTree = "<group>";
		};
		5CABEF6427D1212C00ED78DD /* Frameworks */ = {
			isa = PBXGroup;
			children = (
				5CABEF6527D1212C00ED78DD /* WidgetKit.framework */,
				5CABEF6727D1212C00ED78DD /* SwiftUI.framework */,
			);
			name = Frameworks;
			sourceTree = "<group>";
		};
		5CABEF6927D1212C00ED78DD /* ClassTimerWidget */ = {
			isa = PBXGroup;
			children = (
				5CABEF6A27D1212C00ED78DD /* ClassTimerWidget.swift */,
				5CABEF6C27D1212C00ED78DD /* ClassTimerWidget.intentdefinition */,
				5CABEF6D27D1213100ED78DD /* Assets.xcassets */,
				5CABEF6F27D1213100ED78DD /* Info.plist */,
			);
			path = ClassTimerWidget;
			sourceTree = "<group>";
		};
/* End PBXGroup section */

/* Begin PBXNativeTarget section */
		5C5A5E1A27B54EF3000DE807 /* EPHS */ = {
			isa = PBXNativeTarget;
			buildConfigurationList = 5C5A5E2927B54EF7000DE807 /* Build configuration list for PBXNativeTarget "EPHS" */;
			buildPhases = (
				5C5A5E1727B54EF3000DE807 /* Sources */,
				5C5A5E1827B54EF3000DE807 /* Frameworks */,
				5C5A5E1927B54EF3000DE807 /* Resources */,
				5CABEF7527D1213100ED78DD /* Embed App Extensions */,
			);
			buildRules = (
			);
			dependencies = (
				5CABEF7327D1213100ED78DD /* PBXTargetDependency */,
			);
			name = EPHS;
			productName = EPHS;
			productReference = 5C5A5E1B27B54EF3000DE807 /* EPHS.app */;
			productType = "com.apple.product-type.application";
		};
		5CABEF6227D1212C00ED78DD /* ClassTimerWidgetExtension */ = {
			isa = PBXNativeTarget;
			buildConfigurationList = 5CABEF7827D1213200ED78DD /* Build configuration list for PBXNativeTarget "ClassTimerWidgetExtension" */;
			buildPhases = (
				5CABEF5F27D1212C00ED78DD /* Sources */,
				5CABEF6027D1212C00ED78DD /* Frameworks */,
				5CABEF6127D1212C00ED78DD /* Resources */,
			);
			buildRules = (
			);
			dependencies = (
			);
			name = ClassTimerWidgetExtension;
			productName = ClassTimerWidgetExtension;
			productReference = 5CABEF6327D1212C00ED78DD /* ClassTimerWidgetExtension.appex */;
			productType = "com.apple.product-type.app-extension";
		};
/* End PBXNativeTarget section */

/* Begin PBXProject section */
		5C5A5E1327B54EF3000DE807 /* Project object */ = {
			isa = PBXProject;
			attributes = {
				BuildIndependentTargetsInParallel = 1;
				LastSwiftUpdateCheck = 1320;
				LastUpgradeCheck = 1320;
				TargetAttributes = {
					5C5A5E1A27B54EF3000DE807 = {
						CreatedOnToolsVersion = 13.2;
					};
					5CABEF6227D1212C00ED78DD = {
						CreatedOnToolsVersion = 13.2;
					};
				};
			};
			buildConfigurationList = 5C5A5E1627B54EF3000DE807 /* Build configuration list for PBXProject "EPHS" */;
			compatibilityVersion = "Xcode 13.0";
			developmentRegion = en;
			hasScannedForEncodings = 0;
			knownRegions = (
				en,
				Base,
			);
			mainGroup = 5C5A5E1227B54EF3000DE807;
			productRefGroup = 5C5A5E1C27B54EF3000DE807 /* Products */;
			projectDirPath = "";
			projectRoot = "";
			targets = (
				5C5A5E1A27B54EF3000DE807 /* EPHS */,
				5CABEF6227D1212C00ED78DD /* ClassTimerWidgetExtension */,
			);
		};
/* End PBXProject section */

/* Begin PBXResourcesBuildPhase section */
		5C5A5E1927B54EF3000DE807 /* Resources */ = {
			isa = PBXResourcesBuildPhase;
			buildActionMask = 2147483647;
			files = (
				5C5A5E2627B54EF7000DE807 /* Preview Assets.xcassets in Resources */,
				5C5A5E2327B54EF7000DE807 /* Assets.xcassets in Resources */,
			);
			runOnlyForDeploymentPostprocessing = 0;
		};
		5CABEF6127D1212C00ED78DD /* Resources */ = {
			isa = PBXResourcesBuildPhase;
			buildActionMask = 2147483647;
			files = (
				5CABEF6E27D1213100ED78DD /* Assets.xcassets in Resources */,
			);
			runOnlyForDeploymentPostprocessing = 0;
		};
/* End PBXResourcesBuildPhase section */

/* Begin PBXSourcesBuildPhase section */
		5C5A5E1727B54EF3000DE807 /* Sources */ = {
			isa = PBXSourcesBuildPhase;
			buildActionMask = 2147483647;
			files = (
				5C5A5E2127B54EF3000DE807 /* ContentView.swift in Sources */,
				5C3CF56327C9783900E9EC22 /* ToDoList.swift in Sources */,
				5CA153F927C6A4A5003E77F2 /* dictionary.swift in Sources */,
				5C5A5E2D27B54F0D000DE807 /* ProgressBar.swift in Sources */,
				5C96D55D27BAC36C0078206D /* LunchSelectionView.swift in Sources */,
				5CA153FD27C7D468003E77F2 /* SettingsScreen.swift in Sources */,
				5C3CF55F27C7E80200E9EC22 /* mainScreen.swift in Sources */,
				5C5A5E1F27B54EF3000DE807 /* EPHSApp.swift in Sources */,
				5C3CF56127C7F15500E9EC22 /* ViewModifier.swift in Sources */,
				5CABEF7127D1213100ED78DD /* ClassTimerWidget.intentdefinition in Sources */,
			);
			runOnlyForDeploymentPostprocessing = 0;
		};
		5CABEF5F27D1212C00ED78DD /* Sources */ = {
			isa = PBXSourcesBuildPhase;
			buildActionMask = 2147483647;
			files = (
				5CABEF6B27D1212C00ED78DD /* ClassTimerWidget.swift in Sources */,
				5CABEF7027D1213100ED78DD /* ClassTimerWidget.intentdefinition in Sources */,
			);
			runOnlyForDeploymentPostprocessing = 0;
		};
/* End PBXSourcesBuildPhase section */

/* Begin PBXTargetDependency section */
		5CABEF7327D1213100ED78DD /* PBXTargetDependency */ = {
			isa = PBXTargetDependency;
			target = 5CABEF6227D1212C00ED78DD /* ClassTimerWidgetExtension */;
			targetProxy = 5CABEF7227D1213100ED78DD /* PBXContainerItemProxy */;
		};
/* End PBXTargetDependency section */

/* Begin XCBuildConfiguration section */
		5C5A5E2727B54EF7000DE807 /* Debug */ = {
			isa = XCBuildConfiguration;
			buildSettings = {
				ALWAYS_SEARCH_USER_PATHS = NO;
				CLANG_ANALYZER_NONNULL = YES;
				CLANG_ANALYZER_NUMBER_OBJECT_CONVERSION = YES_AGGRESSIVE;
				CLANG_CXX_LANGUAGE_STANDARD = "gnu++17";
				CLANG_CXX_LIBRARY = "libc++";
				CLANG_ENABLE_MODULES = YES;
				CLANG_ENABLE_OBJC_ARC = YES;
				CLANG_ENABLE_OBJC_WEAK = YES;
				CLANG_WARN_BLOCK_CAPTURE_AUTORELEASING = YES;
				CLANG_WARN_BOOL_CONVERSION = YES;
				CLANG_WARN_COMMA = YES;
				CLANG_WARN_CONSTANT_CONVERSION = YES;
				CLANG_WARN_DEPRECATED_OBJC_IMPLEMENTATIONS = YES;
				CLANG_WARN_DIRECT_OBJC_ISA_USAGE = YES_ERROR;
				CLANG_WARN_DOCUMENTATION_COMMENTS = YES;
				CLANG_WARN_EMPTY_BODY = YES;
				CLANG_WARN_ENUM_CONVERSION = YES;
				CLANG_WARN_INFINITE_RECURSION = YES;
				CLANG_WARN_INT_CONVERSION = YES;
				CLANG_WARN_NON_LITERAL_NULL_CONVERSION = YES;
				CLANG_WARN_OBJC_IMPLICIT_RETAIN_SELF = YES;
				CLANG_WARN_OBJC_LITERAL_CONVERSION = YES;
				CLANG_WARN_OBJC_ROOT_CLASS = YES_ERROR;
				CLANG_WARN_QUOTED_INCLUDE_IN_FRAMEWORK_HEADER = YES;
				CLANG_WARN_RANGE_LOOP_ANALYSIS = YES;
				CLANG_WARN_STRICT_PROTOTYPES = YES;
				CLANG_WARN_SUSPICIOUS_MOVE = YES;
				CLANG_WARN_UNGUARDED_AVAILABILITY = YES_AGGRESSIVE;
				CLANG_WARN_UNREACHABLE_CODE = YES;
				CLANG_WARN__DUPLICATE_METHOD_MATCH = YES;
				COPY_PHASE_STRIP = NO;
				DEBUG_INFORMATION_FORMAT = dwarf;
				ENABLE_STRICT_OBJC_MSGSEND = YES;
				ENABLE_TESTABILITY = YES;
				GCC_C_LANGUAGE_STANDARD = gnu11;
				GCC_DYNAMIC_NO_PIC = NO;
				GCC_NO_COMMON_BLOCKS = YES;
				GCC_OPTIMIZATION_LEVEL = 0;
				GCC_PREPROCESSOR_DEFINITIONS = (
					"DEBUG=1",
					"$(inherited)",
				);
				GCC_WARN_64_TO_32_BIT_CONVERSION = YES;
				GCC_WARN_ABOUT_RETURN_TYPE = YES_ERROR;
				GCC_WARN_UNDECLARED_SELECTOR = YES;
				GCC_WARN_UNINITIALIZED_AUTOS = YES_AGGRESSIVE;
				GCC_WARN_UNUSED_FUNCTION = YES;
				GCC_WARN_UNUSED_VARIABLE = YES;
				IPHONEOS_DEPLOYMENT_TARGET = 15.2;
				MTL_ENABLE_DEBUG_INFO = INCLUDE_SOURCE;
				MTL_FAST_MATH = YES;
				ONLY_ACTIVE_ARCH = YES;
				SDKROOT = iphoneos;
				SWIFT_ACTIVE_COMPILATION_CONDITIONS = DEBUG;
				SWIFT_OPTIMIZATION_LEVEL = "-Onone";
			};
			name = Debug;
		};
		5C5A5E2827B54EF7000DE807 /* Release */ = {
			isa = XCBuildConfiguration;
			buildSettings = {
				ALWAYS_SEARCH_USER_PATHS = NO;
				CLANG_ANALYZER_NONNULL = YES;
				CLANG_ANALYZER_NUMBER_OBJECT_CONVERSION = YES_AGGRESSIVE;
				CLANG_CXX_LANGUAGE_STANDARD = "gnu++17";
				CLANG_CXX_LIBRARY = "libc++";
				CLANG_ENABLE_MODULES = YES;
				CLANG_ENABLE_OBJC_ARC = YES;
				CLANG_ENABLE_OBJC_WEAK = YES;
				CLANG_WARN_BLOCK_CAPTURE_AUTORELEASING = YES;
				CLANG_WARN_BOOL_CONVERSION = YES;
				CLANG_WARN_COMMA = YES;
				CLANG_WARN_CONSTANT_CONVERSION = YES;
				CLANG_WARN_DEPRECATED_OBJC_IMPLEMENTATIONS = YES;
				CLANG_WARN_DIRECT_OBJC_ISA_USAGE = YES_ERROR;
				CLANG_WARN_DOCUMENTATION_COMMENTS = YES;
				CLANG_WARN_EMPTY_BODY = YES;
				CLANG_WARN_ENUM_CONVERSION = YES;
				CLANG_WARN_INFINITE_RECURSION = YES;
				CLANG_WARN_INT_CONVERSION = YES;
				CLANG_WARN_NON_LITERAL_NULL_CONVERSION = YES;
				CLANG_WARN_OBJC_IMPLICIT_RETAIN_SELF = YES;
				CLANG_WARN_OBJC_LITERAL_CONVERSION = YES;
				CLANG_WARN_OBJC_ROOT_CLASS = YES_ERROR;
				CLANG_WARN_QUOTED_INCLUDE_IN_FRAMEWORK_HEADER = YES;
				CLANG_WARN_RANGE_LOOP_ANALYSIS = YES;
				CLANG_WARN_STRICT_PROTOTYPES = YES;
				CLANG_WARN_SUSPICIOUS_MOVE = YES;
				CLANG_WARN_UNGUARDED_AVAILABILITY = YES_AGGRESSIVE;
				CLANG_WARN_UNREACHABLE_CODE = YES;
				CLANG_WARN__DUPLICATE_METHOD_MATCH = YES;
				COPY_PHASE_STRIP = NO;
				DEBUG_INFORMATION_FORMAT = "dwarf-with-dsym";
				ENABLE_NS_ASSERTIONS = NO;
				ENABLE_STRICT_OBJC_MSGSEND = YES;
				GCC_C_LANGUAGE_STANDARD = gnu11;
				GCC_NO_COMMON_BLOCKS = YES;
				GCC_WARN_64_TO_32_BIT_CONVERSION = YES;
				GCC_WARN_ABOUT_RETURN_TYPE = YES_ERROR;
				GCC_WARN_UNDECLARED_SELECTOR = YES;
				GCC_WARN_UNINITIALIZED_AUTOS = YES_AGGRESSIVE;
				GCC_WARN_UNUSED_FUNCTION = YES;
				GCC_WARN_UNUSED_VARIABLE = YES;
				IPHONEOS_DEPLOYMENT_TARGET = 15.2;
				MTL_ENABLE_DEBUG_INFO = NO;
				MTL_FAST_MATH = YES;
				SDKROOT = iphoneos;
				SWIFT_COMPILATION_MODE = wholemodule;
				SWIFT_OPTIMIZATION_LEVEL = "-O";
				VALIDATE_PRODUCT = YES;
			};
			name = Release;
		};
		5C5A5E2A27B54EF7000DE807 /* Debug */ = {
			isa = XCBuildConfiguration;
			buildSettings = {
				ALWAYS_EMBED_SWIFT_STANDARD_LIBRARIES = YES;
				ASSETCATALOG_COMPILER_APPICON_NAME = AppIcon;
				ASSETCATALOG_COMPILER_GLOBAL_ACCENT_COLOR_NAME = AccentColor;
				CODE_SIGN_ENTITLEMENTS = EPHS/EPHS.entitlements;
				CODE_SIGN_STYLE = Automatic;
				CURRENT_PROJECT_VERSION = 2;
				DEVELOPMENT_ASSET_PATHS = "\"EPHS/Preview Content\"";
				DEVELOPMENT_TEAM = 883DK65VTV;
				ENABLE_PREVIEWS = YES;
				GENERATE_INFOPLIST_FILE = YES;
				INFOPLIST_KEY_UIApplicationSceneManifest_Generation = YES;
				INFOPLIST_KEY_UIApplicationSupportsIndirectInputEvents = YES;
				INFOPLIST_KEY_UILaunchScreen_Generation = YES;
				INFOPLIST_KEY_UISupportedInterfaceOrientations_iPad = "UIInterfaceOrientationPortrait UIInterfaceOrientationPortraitUpsideDown UIInterfaceOrientationLandscapeLeft UIInterfaceOrientationLandscapeRight";
				INFOPLIST_KEY_UISupportedInterfaceOrientations_iPhone = "UIInterfaceOrientationPortrait UIInterfaceOrientationLandscapeLeft UIInterfaceOrientationLandscapeRight";
				LD_RUNPATH_SEARCH_PATHS = (
					"$(inherited)",
					"@executable_path/Frameworks",
				);
				MARKETING_VERSION = 0.1;
				PRODUCT_BUNDLE_IDENTIFIER = ephs2022.classtimer;
				PRODUCT_NAME = "$(TARGET_NAME)";
				SWIFT_EMIT_LOC_STRINGS = YES;
				SWIFT_VERSION = 5.0;
				TARGETED_DEVICE_FAMILY = 1;
			};
			name = Debug;
		};
		5C5A5E2B27B54EF7000DE807 /* Release */ = {
			isa = XCBuildConfiguration;
			buildSettings = {
				ALWAYS_EMBED_SWIFT_STANDARD_LIBRARIES = YES;
				ASSETCATALOG_COMPILER_APPICON_NAME = AppIcon;
				ASSETCATALOG_COMPILER_GLOBAL_ACCENT_COLOR_NAME = AccentColor;
				CODE_SIGN_ENTITLEMENTS = EPHS/EPHS.entitlements;
				CODE_SIGN_STYLE = Automatic;
				CURRENT_PROJECT_VERSION = 2;
				DEVELOPMENT_ASSET_PATHS = "\"EPHS/Preview Content\"";
				DEVELOPMENT_TEAM = 883DK65VTV;
				ENABLE_PREVIEWS = YES;
				GENERATE_INFOPLIST_FILE = YES;
				INFOPLIST_KEY_UIApplicationSceneManifest_Generation = YES;
				INFOPLIST_KEY_UIApplicationSupportsIndirectInputEvents = YES;
				INFOPLIST_KEY_UILaunchScreen_Generation = YES;
				INFOPLIST_KEY_UISupportedInterfaceOrientations_iPad = "UIInterfaceOrientationPortrait UIInterfaceOrientationPortraitUpsideDown UIInterfaceOrientationLandscapeLeft UIInterfaceOrientationLandscapeRight";
				INFOPLIST_KEY_UISupportedInterfaceOrientations_iPhone = "UIInterfaceOrientationPortrait UIInterfaceOrientationLandscapeLeft UIInterfaceOrientationLandscapeRight";
				LD_RUNPATH_SEARCH_PATHS = (
					"$(inherited)",
					"@executable_path/Frameworks",
				);
				MARKETING_VERSION = 0.1;
				PRODUCT_BUNDLE_IDENTIFIER = ephs2022.classtimer;
				PRODUCT_NAME = "$(TARGET_NAME)";
				SWIFT_EMIT_LOC_STRINGS = YES;
				SWIFT_VERSION = 5.0;
				TARGETED_DEVICE_FAMILY = 1;
			};
			name = Release;
		};
		5CABEF7627D1213100ED78DD /* Debug */ = {
			isa = XCBuildConfiguration;
			buildSettings = {
				ASSETCATALOG_COMPILER_GLOBAL_ACCENT_COLOR_NAME = AccentColor;
				ASSETCATALOG_COMPILER_WIDGET_BACKGROUND_COLOR_NAME = WidgetBackground;
				CODE_SIGN_STYLE = Automatic;
				CURRENT_PROJECT_VERSION = 1;
				DEVELOPMENT_TEAM = 883DK65VTV;
				GENERATE_INFOPLIST_FILE = YES;
				INFOPLIST_FILE = ClassTimerWidget/Info.plist;
				INFOPLIST_KEY_CFBundleDisplayName = ClassTimerWidget;
				INFOPLIST_KEY_NSHumanReadableCopyright = "";
				LD_RUNPATH_SEARCH_PATHS = (
					"$(inherited)",
					"@executable_path/Frameworks",
					"@executable_path/../../Frameworks",
				);
				MARKETING_VERSION = 1.0;
				PRODUCT_BUNDLE_IDENTIFIER = ephs2022.classtimer.ClassTimerWidget;
				PRODUCT_NAME = "$(TARGET_NAME)";
				SKIP_INSTALL = YES;
				SWIFT_EMIT_LOC_STRINGS = YES;
				SWIFT_VERSION = 5.0;
				TARGETED_DEVICE_FAMILY = "1,2";
			};
			name = Debug;
		};
		5CABEF7727D1213100ED78DD /* Release */ = {
			isa = XCBuildConfiguration;
			buildSettings = {
				ASSETCATALOG_COMPILER_GLOBAL_ACCENT_COLOR_NAME = AccentColor;
				ASSETCATALOG_COMPILER_WIDGET_BACKGROUND_COLOR_NAME = WidgetBackground;
				CODE_SIGN_STYLE = Automatic;
				CURRENT_PROJECT_VERSION = 1;
				DEVELOPMENT_TEAM = 883DK65VTV;
				GENERATE_INFOPLIST_FILE = YES;
				INFOPLIST_FILE = ClassTimerWidget/Info.plist;
				INFOPLIST_KEY_CFBundleDisplayName = ClassTimerWidget;
				INFOPLIST_KEY_NSHumanReadableCopyright = "";
				LD_RUNPATH_SEARCH_PATHS = (
					"$(inherited)",
					"@executable_path/Frameworks",
					"@executable_path/../../Frameworks",
				);
				MARKETING_VERSION = 1.0;
				PRODUCT_BUNDLE_IDENTIFIER = ephs2022.classtimer.ClassTimerWidget;
				PRODUCT_NAME = "$(TARGET_NAME)";
				SKIP_INSTALL = YES;
				SWIFT_EMIT_LOC_STRINGS = YES;
				SWIFT_VERSION = 5.0;
				TARGETED_DEVICE_FAMILY = "1,2";
			};
			name = Release;
		};
/* End XCBuildConfiguration section */

/* Begin XCConfigurationList section */
		5C5A5E1627B54EF3000DE807 /* Build configuration list for PBXProject "EPHS" */ = {
			isa = XCConfigurationList;
			buildConfigurations = (
				5C5A5E2727B54EF7000DE807 /* Debug */,
				5C5A5E2827B54EF7000DE807 /* Release */,
			);
			defaultConfigurationIsVisible = 0;
			defaultConfigurationName = Release;
		};
		5C5A5E2927B54EF7000DE807 /* Build configuration list for PBXNativeTarget "EPHS" */ = {
			isa = XCConfigurationList;
			buildConfigurations = (
				5C5A5E2A27B54EF7000DE807 /* Debug */,
				5C5A5E2B27B54EF7000DE807 /* Release */,
			);
			defaultConfigurationIsVisible = 0;
			defaultConfigurationName = Release;
		};
		5CABEF7827D1213200ED78DD /* Build configuration list for PBXNativeTarget "ClassTimerWidgetExtension" */ = {
			isa = XCConfigurationList;
			buildConfigurations = (
				5CABEF7627D1213100ED78DD /* Debug */,
				5CABEF7727D1213100ED78DD /* Release */,
			);
			defaultConfigurationIsVisible = 0;
			defaultConfigurationName = Release;
		};
/* End XCConfigurationList section */
	};
	rootObject = 5C5A5E1327B54EF3000DE807 /* Project object */;
}
